{
    "_meta": {
        "hash": {
            "sha256": "6062d5813d192b8290a366c134b67df94a9912f11eab16df18c1e2cee70ad08c"
        },
        "pipfile-spec": 6,
        "requires": {
            "python_version": "3.6"
        },
        "sources": [
            {
                "name": "pypi",
                "url": "https://pypi.org/simple",
                "verify_ssl": true
            }
        ]
    },
    "default": {
        "selenium": {
            "hashes": [
                "sha256:2b6f018e55f50e9c67a67caec2f73f806f72c162fb38cf3ea79e0a8f6506bf56",
                "sha256:5841fb30c3965866220c34d16de8e3d091e2833fcac385160a63db0c3522a297"
            ],
            "index": "pypi",
            "version": "==3.11.0"
        }
    },
    "develop": {}
}
